<?xml version="1.0" encoding="utf-8"?>
<Project ToolsVersion="4.0" xmlns="http://schemas.microsoft.com/developer/msbuild/2003">
  <ItemGroup>
    <Filter Include="Source Files">
      <UniqueIdentifier>{4FC737F1-C7A5-4376-A066-2A32D752A2FF}</UniqueIdentifier>
      <Extensions>cpp;c;cc;cxx;def;odl;idl;hpj;bat;asm;asmx</Extensions>
    </Filter>
    <Filter Include="Header Files">
      <UniqueIdentifier>{93995380-89BD-4b04-88EB-625FBE52EBFB}</UniqueIdentifier>
      <Extensions>h;hh;hpp;hxx;hm;inl;inc;xsd</Extensions>
    </Filter>
    <Filter Include="Resource Files">
      <UniqueIdentifier>{D9D6E242-F8AF-46E4-B9FD-80ECBC20BA3E}</UniqueIdentifier>
      <Extensions>qrc;*</Extensions>
      <ParseFiles>false</ParseFiles>
    </Filter>
    <Filter Include="Resource Files">
      <UniqueIdentifier>{D9D6E242-F8AF-46E4-B9FD-80ECBC20BA3E}</UniqueIdentifier>
      <Extensions>qrc;*</Extensions>
      <ParseFiles>false</ParseFiles>
    </Filter>
    <Filter Include="Generated Files">
      <UniqueIdentifier>{71ED8ED8-ACB9-4CE9-BBE1-E00B30144E11}</UniqueIdentifier>
      <Extensions>moc;h;cpp</Extensions>
      <SourceControlFiles>False</SourceControlFiles>
    </Filter>
    <Filter Include="alglib">
      <UniqueIdentifier>{4e53d099-6865-4aa8-814e-50d1af7e9960}</UniqueIdentifier>
    </Filter>
  </ItemGroup>
  <ItemGroup>
    <ClCompile Include="main.cpp">
      <Filter>Source Files</Filter>
    </ClCompile>
    <ClCompile Include="alglib\alglibinternal.cpp">
      <Filter>alglib</Filter>
    </ClCompile>
    <ClCompile Include="alglib\alglibmisc.cpp">
      <Filter>alglib</Filter>
    </ClCompile>
    <ClCompile Include="alglib\ap.cpp">
      <Filter>alglib</Filter>
    </ClCompile>
    <ClCompile Include="alglib\dataanalysis.cpp">
      <Filter>alglib</Filter>
    </ClCompile>
    <ClCompile Include="alglib\diffequations.cpp">
      <Filter>alglib</Filter>
    </ClCompile>
    <ClCompile Include="alglib\fasttransforms.cpp">
      <Filter>alglib</Filter>
    </ClCompile>
    <ClCompile Include="alglib\integration.cpp">
      <Filter>alglib</Filter>
    </ClCompile>
    <ClCompile Include="alglib\interpolation.cpp">
      <Filter>alglib</Filter>
    </ClCompile>
    <ClCompile Include="alglib\linalg.cpp">
      <Filter>alglib</Filter>
    </ClCompile>
    <ClCompile Include="alglib\optimization.cpp">
      <Filter>alglib</Filter>
    </ClCompile>
    <ClCompile Include="alglib\solvers.cpp">
      <Filter>alglib</Filter>
    </ClCompile>
    <ClCompile Include="alglib\specialfunctions.cpp">
      <Filter>alglib</Filter>
    </ClCompile>
    <ClCompile Include="alglib\statistics.cpp">
      <Filter>alglib</Filter>
    </ClCompile>
    <ClCompile Include="common_algorithm.cpp">
      <Filter>Source Files</Filter>
    </ClCompile>
  </ItemGroup>
  <ItemGroup>
    <ClInclude Include="alglib\alglibinternal.h">
      <Filter>alglib</Filter>
    </ClInclude>
    <ClInclude Include="alglib\alglibmisc.h">
      <Filter>alglib</Filter>
    </ClInclude>
    <ClInclude Include="alglib\ap.h">
      <Filter>alglib</Filter>
    </ClInclude>
    <ClInclude Include="alglib\dataanalysis.h">
      <Filter>alglib</Filter>
    </ClInclude>
    <ClInclude Include="alglib\diffequations.h">
      <Filter>alglib</Filter>
    </ClInclude>
    <ClInclude Include="alglib\fasttransforms.h">
      <Filter>alglib</Filter>
    </ClInclude>
    <ClInclude Include="alglib\integration.h">
      <Filter>alglib</Filter>
    </ClInclude>
    <ClInclude Include="alglib\interpolation.h">
      <Filter>alglib</Filter>
    </ClInclude>
    <ClInclude Include="alglib\linalg.h">
      <Filter>alglib</Filter>
    </ClInclude>
    <ClInclude Include="alglib\optimization.h">
      <Filter>alglib</Filter>
    </ClInclude>
    <ClInclude Include="alglib\solvers.h">
      <Filter>alglib</Filter>
    </ClInclude>
    <ClInclude Include="alglib\specialfunctions.h">
      <Filter>alglib</Filter>
    </ClInclude>
    <ClInclude Include="alglib\statistics.h">
      <Filter>alglib</Filter>
    </ClInclude>
    <ClInclude Include="alglib\stdafx.h">
      <Filter>alglib</Filter>
    </ClInclude>
    <ClInclude Include="common_algorithm.h">
      <Filter>Header Files</Filter>
    </ClInclude>
  </ItemGroup>
</Project>